
Microsoft Visual Studio Solution File, Format Version 12.00
# Visual Studio Version 16
VisualStudioVersion = 16.0.29102.190
MinimumVisualStudioVersion = 10.0.40219.1
Project("{FAE04EC0-301F-11D3-BF4B-00C04F79EFBC}") = "classTime_form", "classTime_form\classTime_form.csproj", "{C883EF37-9149-4AB6-A7C3-6A05F9515294}"
EndProject
Global
	GlobalSection(SolutionConfigurationPlatforms) = preSolution
		Debug|Any CPU = Debug|Any CPU
		Release|Any CPU = Release|Any CPU
	EndGlobalSection
	GlobalSection(ProjectConfigurationPlatforms) = postSolution
		{C883EF37-9149-4AB6-A7C3-6A05F9515294}.Debug|Any CPU.ActiveCfg = Debug|Any CPU
		{C883EF37-9149-4AB6-A7C3-6A05F9515294}.Debug|Any CPU.Build.0 = Debug|Any CPU
		{C883EF37-9149-4AB6-A7C3-6A05F9515294}.Release|Any CPU.ActiveCfg = Release|Any CPU
		{C883EF37-9149-4AB6-A7C3-6A05F9515294}.Release|Any CPU.Build.0 = Release|Any CPU
	EndGlobalSection
	GlobalSection(SolutionProperties) = preSolution
		HideSolutionNode = FALSE
	EndGlobalSection
	GlobalSection(ExtensibilityGlobals) = postSolution
		SolutionGuid = {265F8E19-E8CC-4CE4-AA21-9EE3FBCF3F36}
	EndGlobalSection
EndGlobal
